// !$*UTF8*$!
{
	archiveVersion = 1;
	classes = {
	};
	objectVersion = 46;
	objects = {

/* Begin PBXBuildFile section */
		C02234FD15ED21B200C4C669 /* main.cpp in Sources */ = {isa = PBXBuildFile; fileRef = C02234FC15ED21B200C4C669 /* main.cpp */; };
		C02234FF15ED21B200C4C669 /* blackjack.1 in CopyFiles */ = {isa = PBXBuildFile; fileRef = C02234FE15ED21B200C4C669 /* blackjack.1 */; };
		C022350D15ED255C00C4C669 /* game.cpp in Sources */ = {isa = PBXBuildFile; fileRef = C022350C15ED255C00C4C669 /* game.cpp */; };
		C022351115ED2B7600C4C669 /* gamefns.cpp in Sources */ = {isa = PBXBuildFile; fileRef = C022351015ED2B7600C4C669 /* gamefns.cpp */; };
		C022351515ED556400C4C669 /* playerBasic.cpp in Sources */ = {isa = PBXBuildFile; fileRef = C022351415ED556400C4C669 /* playerBasic.cpp */; };
		C022351B15F2159B00C4C669 /* shoe.cpp in Sources */ = {isa = PBXBuildFile; fileRef = C022351A15F2159B00C4C669 /* shoe.cpp */; };
		C022351E15F394C700C4C669 /* mersenne.cpp in Sources */ = {isa = PBXBuildFile; fileRef = C022351C15F394C700C4C669 /* mersenne.cpp */; };
		C022352215F3E61000C4C669 /* playerMimic.cpp in Sources */ = {isa = PBXBuildFile; fileRef = C022352115F3E61000C4C669 /* playerMimic.cpp */; };
		C0CA86CE15F6CEC5003D7693 /* runners.cpp in Sources */ = {isa = PBXBuildFile; fileRef = C0CA86CC15F6CEC5003D7693 /* runners.cpp */; };
/* End PBXBuildFile section */

/* Begin PBXCopyFilesBuildPhase section */
		C02234F615ED21B200C4C669 /* CopyFiles */ = {
			isa = PBXCopyFilesBuildPhase;
			buildActionMask = 2147483647;
			dstPath = /usr/share/man/man1/;
			dstSubfolderSpec = 0;
			files = (
				C02234FF15ED21B200C4C669 /* blackjack.1 in CopyFiles */,
			);
			runOnlyForDeploymentPostprocessing = 1;
		};
/* End PBXCopyFilesBuildPhase section */

/* Begin PBXFileReference section */
		C02234F815ED21B200C4C669 /* blackjack */ = {isa = PBXFileReference; explicitFileType = "compiled.mach-o.executable"; includeInIndex = 0; path = blackjack; sourceTree = BUILT_PRODUCTS_DIR; };
		C02234FC15ED21B200C4C669 /* main.cpp */ = {isa = PBXFileReference; lastKnownFileType = sourcecode.cpp.cpp; path = main.cpp; sourceTree = "<group>"; };
		C02234FE15ED21B200C4C669 /* blackjack.1 */ = {isa = PBXFileReference; lastKnownFileType = text.man; path = blackjack.1; sourceTree = "<group>"; };
		C022350515ED22DB00C4C669 /* playerBasic.h */ = {isa = PBXFileReference; lastKnownFileType = sourcecode.c.h; path = playerBasic.h; sourceTree = "<group>"; };
		C022350A15ED242200C4C669 /* game.h */ = {isa = PBXFileReference; lastKnownFileType = sourcecode.c.h; path = game.h; sourceTree = "<group>"; };
		C022350B15ED246200C4C669 /* player.h */ = {isa = PBXFileReference; lastKnownFileType = sourcecode.c.h; path = player.h; sourceTree = "<group>"; };
		C022350C15ED255C00C4C669 /* game.cpp */ = {isa = PBXFileReference; fileEncoding = 4; lastKnownFileType = sourcecode.cpp.cpp; path = game.cpp; sourceTree = "<group>"; };
		C022350F15ED2B5700C4C669 /* gamefns.h */ = {isa = PBXFileReference; lastKnownFileType = sourcecode.c.h; path = gamefns.h; sourceTree = "<group>"; };
		C022351015ED2B7600C4C669 /* gamefns.cpp */ = {isa = PBXFileReference; fileEncoding = 4; lastKnownFileType = sourcecode.cpp.cpp; path = gamefns.cpp; sourceTree = "<group>"; };
		C022351215ED2BDB00C4C669 /* shoe.h */ = {isa = PBXFileReference; lastKnownFileType = sourcecode.c.h; path = shoe.h; sourceTree = "<group>"; };
		C022351315ED2DC300C4C669 /* playerFixedBet.h */ = {isa = PBXFileReference; lastKnownFileType = sourcecode.c.h; path = playerFixedBet.h; sourceTree = "<group>"; };
		C022351415ED556400C4C669 /* playerBasic.cpp */ = {isa = PBXFileReference; fileEncoding = 4; lastKnownFileType = sourcecode.cpp.cpp; path = playerBasic.cpp; sourceTree = "<group>"; };
		C022351A15F2159B00C4C669 /* shoe.cpp */ = {isa = PBXFileReference; fileEncoding = 4; lastKnownFileType = sourcecode.cpp.cpp; path = shoe.cpp; sourceTree = "<group>"; };
		C022351C15F394C700C4C669 /* mersenne.cpp */ = {isa = PBXFileReference; fileEncoding = 4; lastKnownFileType = sourcecode.cpp.cpp; path = mersenne.cpp; sourceTree = "<group>"; };
		C022351D15F394C700C4C669 /* randomc.h */ = {isa = PBXFileReference; fileEncoding = 4; lastKnownFileType = sourcecode.c.h; path = randomc.h; sourceTree = "<group>"; };
		C022351F15F3CF3000C4C669 /* playerStand.h */ = {isa = PBXFileReference; lastKnownFileType = sourcecode.c.h; path = playerStand.h; sourceTree = "<group>"; };
		C022352015F3E5CC00C4C669 /* playerMimic.h */ = {isa = PBXFileReference; lastKnownFileType = sourcecode.c.h; path = playerMimic.h; sourceTree = "<group>"; };
		C022352115F3E61000C4C669 /* playerMimic.cpp */ = {isa = PBXFileReference; fileEncoding = 4; lastKnownFileType = sourcecode.cpp.cpp; path = playerMimic.cpp; sourceTree = "<group>"; };
		C0CA86CC15F6CEC5003D7693 /* runners.cpp */ = {isa = PBXFileReference; fileEncoding = 4; lastKnownFileType = sourcecode.cpp.cpp; path = runners.cpp; sourceTree = "<group>"; };
		C0CA86CD15F6CEC5003D7693 /* runners.h */ = {isa = PBXFileReference; fileEncoding = 4; lastKnownFileType = sourcecode.c.h; path = runners.h; sourceTree = "<group>"; };
/* End PBXFileReference section */

/* Begin PBXFrameworksBuildPhase section */
		C02234F515ED21B200C4C669 /* Frameworks */ = {
			isa = PBXFrameworksBuildPhase;
			buildActionMask = 2147483647;
			files = (
			);
			runOnlyForDeploymentPostprocessing = 0;
		};
/* End PBXFrameworksBuildPhase section */

/* Begin PBXGroup section */
		C02234ED15ED21B200C4C669 = {
			isa = PBXGroup;
			children = (
				C02234FB15ED21B200C4C669 /* blackjack */,
				C02234F915ED21B200C4C669 /* Products */,
			);
			sourceTree = "<group>";
		};
		C02234F915ED21B200C4C669 /* Products */ = {
			isa = PBXGroup;
			children = (
				C02234F815ED21B200C4C669 /* blackjack */,
			);
			name = Products;
			sourceTree = "<group>";
		};
		C02234FB15ED21B200C4C669 /* blackjack */ = {
			isa = PBXGroup;
			children = (
				C022351D15F394C700C4C669 /* randomc.h */,
				C022351C15F394C700C4C669 /* mersenne.cpp */,
				C02234FC15ED21B200C4C669 /* main.cpp */,
				C022350A15ED242200C4C669 /* game.h */,
				C022350C15ED255C00C4C669 /* game.cpp */,
				C022351215ED2BDB00C4C669 /* shoe.h */,
				C022351A15F2159B00C4C669 /* shoe.cpp */,
				C022350F15ED2B5700C4C669 /* gamefns.h */,
				C022351015ED2B7600C4C669 /* gamefns.cpp */,
				C022350B15ED246200C4C669 /* player.h */,
				C022351315ED2DC300C4C669 /* playerFixedBet.h */,
				C022350515ED22DB00C4C669 /* playerBasic.h */,
				C022351415ED556400C4C669 /* playerBasic.cpp */,
				C022351F15F3CF3000C4C669 /* playerStand.h */,
				C022352015F3E5CC00C4C669 /* playerMimic.h */,
				C022352115F3E61000C4C669 /* playerMimic.cpp */,
				C0CA86CD15F6CEC5003D7693 /* runners.h */,
				C0CA86CC15F6CEC5003D7693 /* runners.cpp */,
				C02234FE15ED21B200C4C669 /* blackjack.1 */,
			);
			path = blackjack;
			sourceTree = "<group>";
		};
/* End PBXGroup section */

/* Begin PBXNativeTarget section */
		C02234F715ED21B200C4C669 /* blackjack */ = {
			isa = PBXNativeTarget;
			buildConfigurationList = C022350215ED21B200C4C669 /* Build configuration list for PBXNativeTarget "blackjack" */;
			buildPhases = (
				C02234F415ED21B200C4C669 /* Sources */,
				C02234F515ED21B200C4C669 /* Frameworks */,
				C02234F615ED21B200C4C669 /* CopyFiles */,
			);
			buildRules = (
			);
			dependencies = (
			);
			name = blackjack;
			productName = blackjack;
			productReference = C02234F815ED21B200C4C669 /* blackjack */;
			productType = "com.apple.product-type.tool";
		};
/* End PBXNativeTarget section */

/* Begin PBXProject section */
		C02234EF15ED21B200C4C669 /* Project object */ = {
			isa = PBXProject;
			attributes = {
				LastUpgradeCheck = 0440;
				ORGANIZATIONNAME = "Mark Higgins";
			};
			buildConfigurationList = C02234F215ED21B200C4C669 /* Build configuration list for PBXProject "blackjack" */;
			compatibilityVersion = "Xcode 3.2";
			developmentRegion = English;
			hasScannedForEncodings = 0;
			knownRegions = (
				en,
			);
			mainGroup = C02234ED15ED21B200C4C669;
			productRefGroup = C02234F915ED21B200C4C669 /* Products */;
			projectDirPath = "";
			projectRoot = "";
			targets = (
				C02234F715ED21B200C4C669 /* blackjack */,
			);
		};
/* End PBXProject section */

/* Begin PBXSourcesBuildPhase section */
		C02234F415ED21B200C4C669 /* Sources */ = {
			isa = PBXSourcesBuildPhase;
			buildActionMask = 2147483647;
			files = (
				C02234FD15ED21B200C4C669 /* main.cpp in Sources */,
				C022350D15ED255C00C4C669 /* game.cpp in Sources */,
				C022351115ED2B7600C4C669 /* gamefns.cpp in Sources */,
				C022351515ED556400C4C669 /* playerBasic.cpp in Sources */,
				C022351B15F2159B00C4C669 /* shoe.cpp in Sources */,
				C022351E15F394C700C4C669 /* mersenne.cpp in Sources */,
				C022352215F3E61000C4C669 /* playerMimic.cpp in Sources */,
				C0CA86CE15F6CEC5003D7693 /* runners.cpp in Sources */,
			);
			runOnlyForDeploymentPostprocessing = 0;
		};
/* End PBXSourcesBuildPhase section */

/* Begin XCBuildConfiguration section */
		C022350015ED21B200C4C669 /* Debug */ = {
			isa = XCBuildConfiguration;
			buildSettings = {
				ALWAYS_SEARCH_USER_PATHS = NO;
				ARCHS = "$(ARCHS_STANDARD_64_BIT)";
				CLANG_CXX_LANGUAGE_STANDARD = "gnu++0x";
				CLANG_WARN__DUPLICATE_METHOD_MATCH = YES;
				COPY_PHASE_STRIP = NO;
				GCC_C_LANGUAGE_STANDARD = gnu99;
				GCC_DYNAMIC_NO_PIC = NO;
				GCC_ENABLE_OBJC_EXCEPTIONS = YES;
				GCC_OPTIMIZATION_LEVEL = 0;
				GCC_PREPROCESSOR_DEFINITIONS = (
					"DEBUG=1",
					"$(inherited)",
				);
				GCC_SYMBOLS_PRIVATE_EXTERN = NO;
				GCC_WARN_64_TO_32_BIT_CONVERSION = YES;
				GCC_WARN_ABOUT_RETURN_TYPE = YES;
				GCC_WARN_UNINITIALIZED_AUTOS = YES;
				GCC_WARN_UNUSED_VARIABLE = YES;
				MACOSX_DEPLOYMENT_TARGET = 10.8;
				ONLY_ACTIVE_ARCH = YES;
				SDKROOT = macosx;
			};
			name = Debug;
		};
		C022350115ED21B200C4C669 /* Release */ = {
			isa = XCBuildConfiguration;
			buildSettings = {
				ALWAYS_SEARCH_USER_PATHS = NO;
				ARCHS = "$(ARCHS_STANDARD_64_BIT)";
				CLANG_CXX_LANGUAGE_STANDARD = "gnu++0x";
				CLANG_WARN__DUPLICATE_METHOD_MATCH = YES;
				COPY_PHASE_STRIP = YES;
				DEBUG_INFORMATION_FORMAT = "dwarf-with-dsym";
				GCC_C_LANGUAGE_STANDARD = gnu99;
				GCC_ENABLE_OBJC_EXCEPTIONS = YES;
				GCC_WARN_64_TO_32_BIT_CONVERSION = YES;
				GCC_WARN_ABOUT_RETURN_TYPE = YES;
				GCC_WARN_UNINITIALIZED_AUTOS = YES;
				GCC_WARN_UNUSED_VARIABLE = YES;
				MACOSX_DEPLOYMENT_TARGET = 10.8;
				SDKROOT = macosx;
			};
			name = Release;
		};
		C022350315ED21B200C4C669 /* Debug */ = {
			isa = XCBuildConfiguration;
			buildSettings = {
				HEADER_SEARCH_PATHS = /opt/local/include;
				LIBRARY_SEARCH_PATHS = /opt/local/lib;
				OTHER_LDFLAGS = (
					"-lboost_thread-mt",
					"-lboost_system",
				);
				PRODUCT_NAME = "$(TARGET_NAME)";
			};
			name = Debug;
		};
		C022350415ED21B200C4C669 /* Release */ = {
			isa = XCBuildConfiguration;
			buildSettings = {
				HEADER_SEARCH_PATHS = /opt/local/include;
				LIBRARY_SEARCH_PATHS = /opt/local/lib;
				OTHER_LDFLAGS = (
					"-lboost_thread-mt",
					"-lboost_system",
				);
				PRODUCT_NAME = "$(TARGET_NAME)";
			};
			name = Release;
		};
/* End XCBuildConfiguration section */

/* Begin XCConfigurationList section */
		C02234F215ED21B200C4C669 /* Build configuration list for PBXProject "blackjack" */ = {
			isa = XCConfigurationList;
			buildConfigurations = (
				C022350015ED21B200C4C669 /* Debug */,
				C022350115ED21B200C4C669 /* Release */,
			);
			defaultConfigurationIsVisible = 0;
			defaultConfigurationName = Release;
		};
		C022350215ED21B200C4C669 /* Build configuration list for PBXNativeTarget "blackjack" */ = {
			isa = XCConfigurationList;
			buildConfigurations = (
				C022350315ED21B200C4C669 /* Debug */,
				C022350415ED21B200C4C669 /* Release */,
			);
			defaultConfigurationIsVisible = 0;
			defaultConfigurationName = Release;
		};
/* End XCConfigurationList section */
	};
	rootObject = C02234EF15ED21B200C4C669 /* Project object */;
}
