// !$*UTF8*$!
{
	archiveVersion = 1;
	classes = {
	};
	objectVersion = 46;
	objects = {

/* Begin PBXBuildFile section */
		C02234FD15ED21B200C4C669 /* main.cpp in Sources */ = {isa = PBXBuildFile; fileRef = C02234FC15ED21B200C4C669 /* main.cpp */; };
		C02234FF15ED21B200C4C669 /* blackjack.1 in CopyFiles */ = {isa = PBXBuildFile; fileRef = C02234FE15ED21B200C4C669 /* blackjack.1 */; };
/* End PBXBuildFile section */

/* Begin PBXCopyFilesBuildPhase section */
		C02234F615ED21B200C4C669 /* CopyFiles */ = {
			isa = PBXCopyFilesBuildPhase;
			buildActionMask = 2147483647;
			dstPath = /usr/share/man/man1/;
			dstSubfolderSpec = 0;
			files = (
				C02234FF15ED21B200C4C669 /* blackjack.1 in CopyFiles */,
			);
			runOnlyForDeploymentPostprocessing = 1;
		};
/* End PBXCopyFilesBuildPhase section */

/* Begin PBXFileReference section */
		C02234F815ED21B200C4C669 /* blackjack */ = {isa = PBXFileReference; explicitFileType = "compiled.mach-o.executable"; includeInIndex = 0; path = blackjack; sourceTree = BUILT_PRODUCTS_DIR; };
		C02234FC15ED21B200C4C669 /* main.cpp */ = {isa = PBXFileReference; lastKnownFileType = sourcecode.cpp.cpp; path = main.cpp; sourceTree = "<group>"; };
		C02234FE15ED21B200C4C669 /* blackjack.1 */ = {isa = PBXFileReference; lastKnownFileType = text.man; path = blackjack.1; sourceTree = "<group>"; };
/* End PBXFileReference section */

/* Begin PBXFrameworksBuildPhase section */
		C02234F515ED21B200C4C669 /* Frameworks */ = {
			isa = PBXFrameworksBuildPhase;
			buildActionMask = 2147483647;
			files = (
			);
			runOnlyForDeploymentPostprocessing = 0;
		};
/* End PBXFrameworksBuildPhase section */

/* Begin PBXGroup section */
		C02234ED15ED21B200C4C669 = {
			isa = PBXGroup;
			children = (
				C02234FB15ED21B200C4C669 /* blackjack */,
				C02234F915ED21B200C4C669 /* Products */,
			);
			sourceTree = "<group>";
		};
		C02234F915ED21B200C4C669 /* Products */ = {
			isa = PBXGroup;
			children = (
				C02234F815ED21B200C4C669 /* blackjack */,
			);
			name = Products;
			sourceTree = "<group>";
		};
		C02234FB15ED21B200C4C669 /* blackjack */ = {
			isa = PBXGroup;
			children = (
				C02234FC15ED21B200C4C669 /* main.cpp */,
				C02234FE15ED21B200C4C669 /* blackjack.1 */,
			);
			path = blackjack;
			sourceTree = "<group>";
		};
/* End PBXGroup section */

/* Begin PBXNativeTarget section */
		C02234F715ED21B200C4C669 /* blackjack */ = {
			isa = PBXNativeTarget;
			buildConfigurationList = C022350215ED21B200C4C669 /* Build configuration list for PBXNativeTarget "blackjack" */;
			buildPhases = (
				C02234F415ED21B200C4C669 /* Sources */,
				C02234F515ED21B200C4C669 /* Frameworks */,
				C02234F615ED21B200C4C669 /* CopyFiles */,
			);
			buildRules = (
			);
			dependencies = (
			);
			name = blackjack;
			productName = blackjack;
			productReference = C02234F815ED21B200C4C669 /* blackjack */;
			productType = "com.apple.product-type.tool";
		};
/* End PBXNativeTarget section */

/* Begin PBXProject section */
		C02234EF15ED21B200C4C669 /* Project object */ = {
			isa = PBXProject;
			attributes = {
				LastUpgradeCheck = 0440;
				ORGANIZATIONNAME = "Mark Higgins";
			};
			buildConfigurationList = C02234F215ED21B200C4C669 /* Build configuration list for PBXProject "blackjack" */;
			compatibilityVersion = "Xcode 3.2";
			developmentRegion = English;
			hasScannedForEncodings = 0;
			knownRegions = (
				en,
			);
			mainGroup = C02234ED15ED21B200C4C669;
			productRefGroup = C02234F915ED21B200C4C669 /* Products */;
			projectDirPath = "";
			projectRoot = "";
			targets = (
				C02234F715ED21B200C4C669 /* blackjack */,
			);
		};
/* End PBXProject section */

/* Begin PBXSourcesBuildPhase section */
		C02234F415ED21B200C4C669 /* Sources */ = {
			isa = PBXSourcesBuildPhase;
			buildActionMask = 2147483647;
			files = (
				C02234FD15ED21B200C4C669 /* main.cpp in Sources */,
			);
			runOnlyForDeploymentPostprocessing = 0;
		};
/* End PBXSourcesBuildPhase section */

/* Begin XCBuildConfiguration section */
		C022350015ED21B200C4C669 /* Debug */ = {
			isa = XCBuildConfiguration;
			buildSettings = {
				ALWAYS_SEARCH_USER_PATHS = NO;
				ARCHS = "$(ARCHS_STANDARD_64_BIT)";
				CLANG_CXX_LANGUAGE_STANDARD = "gnu++0x";
				CLANG_WARN__DUPLICATE_METHOD_MATCH = YES;
				COPY_PHASE_STRIP = NO;
				GCC_C_LANGUAGE_STANDARD = gnu99;
				GCC_DYNAMIC_NO_PIC = NO;
				GCC_ENABLE_OBJC_EXCEPTIONS = YES;
				GCC_OPTIMIZATION_LEVEL = 0;
				GCC_PREPROCESSOR_DEFINITIONS = (
					"DEBUG=1",
					"$(inherited)",
				);
				GCC_SYMBOLS_PRIVATE_EXTERN = NO;
				GCC_WARN_64_TO_32_BIT_CONVERSION = YES;
				GCC_WARN_ABOUT_RETURN_TYPE = YES;
				GCC_WARN_UNINITIALIZED_AUTOS = YES;
				GCC_WARN_UNUSED_VARIABLE = YES;
				MACOSX_DEPLOYMENT_TARGET = 10.8;
				ONLY_ACTIVE_ARCH = YES;
				SDKROOT = macosx;
			};
			name = Debug;
		};
		C022350115ED21B200C4C669 /* Release */ = {
			isa = XCBuildConfiguration;
			buildSettings = {
				ALWAYS_SEARCH_USER_PATHS = NO;
				ARCHS = "$(ARCHS_STANDARD_64_BIT)";
				CLANG_CXX_LANGUAGE_STANDARD = "gnu++0x";
				CLANG_WARN__DUPLICATE_METHOD_MATCH = YES;
				COPY_PHASE_STRIP = YES;
				DEBUG_INFORMATION_FORMAT = "dwarf-with-dsym";
				GCC_C_LANGUAGE_STANDARD = gnu99;
				GCC_ENABLE_OBJC_EXCEPTIONS = YES;
				GCC_WARN_64_TO_32_BIT_CONVERSION = YES;
				GCC_WARN_ABOUT_RETURN_TYPE = YES;
				GCC_WARN_UNINITIALIZED_AUTOS = YES;
				GCC_WARN_UNUSED_VARIABLE = YES;
				MACOSX_DEPLOYMENT_TARGET = 10.8;
				SDKROOT = macosx;
			};
			name = Release;
		};
		C022350315ED21B200C4C669 /* Debug */ = {
			isa = XCBuildConfiguration;
			buildSettings = {
				PRODUCT_NAME = "$(TARGET_NAME)";
			};
			name = Debug;
		};
		C022350415ED21B200C4C669 /* Release */ = {
			isa = XCBuildConfiguration;
			buildSettings = {
				PRODUCT_NAME = "$(TARGET_NAME)";
			};
			name = Release;
		};
/* End XCBuildConfiguration section */

/* Begin XCConfigurationList section */
		C02234F215ED21B200C4C669 /* Build configuration list for PBXProject "blackjack" */ = {
			isa = XCConfigurationList;
			buildConfigurations = (
				C022350015ED21B200C4C669 /* Debug */,
				C022350115ED21B200C4C669 /* Release */,
			);
			defaultConfigurationIsVisible = 0;
			defaultConfigurationName = Release;
		};
		C022350215ED21B200C4C669 /* Build configuration list for PBXNativeTarget "blackjack" */ = {
			isa = XCConfigurationList;
			buildConfigurations = (
				C022350315ED21B200C4C669 /* Debug */,
				C022350415ED21B200C4C669 /* Release */,
			);
			defaultConfigurationIsVisible = 0;
		};
/* End XCConfigurationList section */
	};
	rootObject = C02234EF15ED21B200C4C669 /* Project object */;
}
